<?xml version="1.0" encoding="utf-8"?>
<Project ToolsVersion="4.0" xmlns="http://schemas.microsoft.com/developer/msbuild/2003">
  <ItemGroup>
    <Filter Include="Source Files">
      <UniqueIdentifier>{4FC737F1-C7A5-4376-A066-2A32D752A2FF}</UniqueIdentifier>
      <Extensions>cpp;c;cc;cxx;def;odl;idl;hpj;bat;asm;asmx</Extensions>
    </Filter>
    <Filter Include="Header Files">
      <UniqueIdentifier>{93995380-89BD-4b04-88EB-625FBE52EBFB}</UniqueIdentifier>
      <Extensions>h;hh;hpp;hxx;hm;inl;inc;xsd</Extensions>
    </Filter>
    <Filter Include="Resource Files">
      <UniqueIdentifier>{67DA6AB6-F800-4c08-8B7A-83BB121AAD01}</UniqueIdentifier>
      <Extensions>rc;ico;cur;bmp;dlg;rc2;rct;bin;rgs;gif;jpg;jpeg;jpe;resx;tiff;tif;png;wav</Extensions>
    </Filter>
  </ItemGroup>
  <ItemGroup>
    <ClCompile Include="main.cpp">
      <Filter>Source Files</Filter>
    </ClCompile>
    <ClCompile Include="lel\matrix.cpp">
      <Filter>Source Files</Filter>
    </ClCompile>
    <ClCompile Include="lel\OBB.cpp">
      <Filter>Source Files</Filter>
    </ClCompile>
    <ClCompile Include="lel\OBJData.cpp">
      <Filter>Source Files</Filter>
    </ClCompile>
    <ClCompile Include="third_party\lodepng\lodepng.cpp">
      <Filter>Source Files</Filter>
    </ClCompile>
    <ClCompile Include="lel\RenderWindow.cpp">
      <Filter>Source Files</Filter>
    </ClCompile>
    <ClCompile Include="lel\MainLoop.cpp">
      <Filter>Source Files</Filter>
    </ClCompile>
    <ClCompile Include="lel\RenderModel.cpp">
      <Filter>Source Files</Filter>
    </ClCompile>
    <ClCompile Include="lel\Entity.cpp">
      <Filter>Source Files</Filter>
    </ClCompile>
    <ClCompile Include="lel\GameControllers.cpp">
      <Filter>Source Files</Filter>
    </ClCompile>
    <ClCompile Include="lel\lel.cpp">
      <Filter>Source Files</Filter>
    </ClCompile>
    <ClCompile Include="lel\EntitySystem.cpp">
      <Filter>Source Files</Filter>
    </ClCompile>
    <ClCompile Include="lel\EntitySystemRenderer.cpp">
      <Filter>Source Files</Filter>
    </ClCompile>
    <ClCompile Include="lel\Collider.cpp">
      <Filter>Source Files</Filter>
    </ClCompile>
    <ClCompile Include="lel\lel_sdl2_opengl.cpp">
      <Filter>Source Files</Filter>
    </ClCompile>
    <ClCompile Include="lel\EntitySystemControl.cpp">
      <Filter>Source Files</Filter>
    </ClCompile>
    <ClCompile Include="lel\gamemodes\Racing.cpp">
      <Filter>Source Files</Filter>
    </ClCompile>
    <ClCompile Include="lel\TextDisplay.cpp">
      <Filter>Source Files</Filter>
    </ClCompile>
    <ClCompile Include="lel\Compass.cpp">
      <Filter>Source Files</Filter>
    </ClCompile>
    <ClCompile Include="lel\MenuSelector.cpp">
      <Filter>Source Files</Filter>
    </ClCompile>
    <ClCompile Include="lel\RayShooter.cpp">
      <Filter>Source Files</Filter>
    </ClCompile>
    <ClCompile Include="lel\Audio.cpp">
      <Filter>Source Files</Filter>
    </ClCompile>
  </ItemGroup>
  <ItemGroup>
    <ClInclude Include="lel\matrix.h">
      <Filter>Header Files</Filter>
    </ClInclude>
    <ClInclude Include="lel\OBB.h">
      <Filter>Header Files</Filter>
    </ClInclude>
    <ClInclude Include="lel\OBJData.h">
      <Filter>Header Files</Filter>
    </ClInclude>
    <ClInclude Include="lel\lel.h">
      <Filter>Header Files</Filter>
    </ClInclude>
    <ClInclude Include="lel\RenderModel.h">
      <Filter>Header Files</Filter>
    </ClInclude>
    <ClInclude Include="lel\Entity.h">
      <Filter>Header Files</Filter>
    </ClInclude>
    <ClInclude Include="lel\RefFrame.h">
      <Filter>Header Files</Filter>
    </ClInclude>
    <ClInclude Include="lel\EntitySystem.h">
      <Filter>Header Files</Filter>
    </ClInclude>
    <ClInclude Include="lel\GameControllers.h">
      <Filter>Header Files</Filter>
    </ClInclude>
    <ClInclude Include="lel\lel_sdl2_opengl.h">
      <Filter>Header Files</Filter>
    </ClInclude>
    <ClInclude Include="lel\Camera.h">
      <Filter>Header Files</Filter>
    </ClInclude>
    <ClInclude Include="lel\EntitySystemRenderer.h">
      <Filter>Header Files</Filter>
    </ClInclude>
    <ClInclude Include="lel\Collider.h">
      <Filter>Header Files</Filter>
    </ClInclude>
    <ClInclude Include="lel\EntitySystemControl.h">
      <Filter>Header Files</Filter>
    </ClInclude>
    <ClInclude Include="lel\EntityAction.h">
      <Filter>Header Files</Filter>
    </ClInclude>
    <ClInclude Include="lel\GameMode.h">
      <Filter>Header Files</Filter>
    </ClInclude>
    <ClInclude Include="lel\gamemodes\Racing.h">
      <Filter>Header Files</Filter>
    </ClInclude>
    <ClInclude Include="lel\TextDisplay.h">
      <Filter>Header Files</Filter>
    </ClInclude>
    <ClInclude Include="lel\Compass.h">
      <Filter>Header Files</Filter>
    </ClInclude>
    <ClInclude Include="lel\MenuSelector.h">
      <Filter>Header Files</Filter>
    </ClInclude>
    <ClInclude Include="lel\SecondaryUpdate.h">
      <Filter>Header Files</Filter>
    </ClInclude>
    <ClInclude Include="lel\RayShooter.h">
      <Filter>Header Files</Filter>
    </ClInclude>
    <ClInclude Include="lel\Audio.h">
      <Filter>Header Files</Filter>
    </ClInclude>
  </ItemGroup>
  <ItemGroup>
    <None Include="lel\GL32RenderState.h">
      <Filter>Header Files</Filter>
    </None>
  </ItemGroup>
</Project>